
Microsoft Visual Studio Solution File, Format Version 12.00
# Visual Studio 14
VisualStudioVersion = 14.0.25420.1
MinimumVisualStudioVersion = 10.0.40219.1
Project("{FAE04EC0-301F-11D3-BF4B-00C04F79EFBC}") = "SubscriptionManager", "SubscriptionManager\SubscriptionManager.csproj", "{81ED5125-3306-4372-B506-54E2635633D9}"
EndProject
Project("{FAE04EC0-301F-11D3-BF4B-00C04F79EFBC}") = "R2", "R2\R2.csproj", "{86B6B3D4-08CF-4644-B415-15D5B44AC169}"
EndProject
Project("{FAE04EC0-301F-11D3-BF4B-00C04F79EFBC}") = "R2.DependencyRegistration.Autofac", "R2.DependencyRegistration.Autofac\R2.DependencyRegistration.Autofac.csproj", "{C9C413D6-63E7-4A66-9A8E-A35FF56E1656}"
EndProject
Project("{FAE04EC0-301F-11D3-BF4B-00C04F79EFBC}") = "R2.Net.Mail", "R2.Net.Mail\R2.Net.Mail.csproj", "{1DC4AF6C-D33A-415D-8E66-D8FD65DCBAE3}"
EndProject
Global
	GlobalSection(SolutionConfigurationPlatforms) = preSolution
		Debug|Any CPU = Debug|Any CPU
		Release|Any CPU = Release|Any CPU
	EndGlobalSection
	GlobalSection(ProjectConfigurationPlatforms) = postSolution
		{81ED5125-3306-4372-B506-54E2635633D9}.Debug|Any CPU.ActiveCfg = Debug|Any CPU
		{81ED5125-3306-4372-B506-54E2635633D9}.Debug|Any CPU.Build.0 = Debug|Any CPU
		{81ED5125-3306-4372-B506-54E2635633D9}.Release|Any CPU.ActiveCfg = Release|Any CPU
		{81ED5125-3306-4372-B506-54E2635633D9}.Release|Any CPU.Build.0 = Release|Any CPU
		{86B6B3D4-08CF-4644-B415-15D5B44AC169}.Debug|Any CPU.ActiveCfg = Debug|Any CPU
		{86B6B3D4-08CF-4644-B415-15D5B44AC169}.Debug|Any CPU.Build.0 = Debug|Any CPU
		{86B6B3D4-08CF-4644-B415-15D5B44AC169}.Release|Any CPU.ActiveCfg = Release|Any CPU
		{86B6B3D4-08CF-4644-B415-15D5B44AC169}.Release|Any CPU.Build.0 = Release|Any CPU
		{C9C413D6-63E7-4A66-9A8E-A35FF56E1656}.Debug|Any CPU.ActiveCfg = Debug|Any CPU
		{C9C413D6-63E7-4A66-9A8E-A35FF56E1656}.Debug|Any CPU.Build.0 = Debug|Any CPU
		{C9C413D6-63E7-4A66-9A8E-A35FF56E1656}.Release|Any CPU.ActiveCfg = Release|Any CPU
		{C9C413D6-63E7-4A66-9A8E-A35FF56E1656}.Release|Any CPU.Build.0 = Release|Any CPU
		{1DC4AF6C-D33A-415D-8E66-D8FD65DCBAE3}.Debug|Any CPU.ActiveCfg = Debug|Any CPU
		{1DC4AF6C-D33A-415D-8E66-D8FD65DCBAE3}.Debug|Any CPU.Build.0 = Debug|Any CPU
		{1DC4AF6C-D33A-415D-8E66-D8FD65DCBAE3}.Release|Any CPU.ActiveCfg = Release|Any CPU
		{1DC4AF6C-D33A-415D-8E66-D8FD65DCBAE3}.Release|Any CPU.Build.0 = Release|Any CPU
	EndGlobalSection
	GlobalSection(SolutionProperties) = preSolution
		HideSolutionNode = FALSE
	EndGlobalSection
EndGlobal
