
Microsoft Visual Studio Solution File, Format Version 12.00
# Visual Studio 14
VisualStudioVersion = 14.0.25420.1
MinimumVisualStudioVersion = 10.0.40219.1
Project("{FAE04EC0-301F-11D3-BF4B-00C04F79EFBC}") = "R2", "R2\R2.csproj", "{86B6B3D4-08CF-4644-B415-15D5B44AC169}"
EndProject
Project("{FAE04EC0-301F-11D3-BF4B-00C04F79EFBC}") = "R2.DependencyRegistration.Autofac", "R2.DependencyRegistration.Autofac\R2.DependencyRegistration.Autofac.csproj", "{C9C413D6-63E7-4A66-9A8E-A35FF56E1656}"
EndProject
Project("{FAE04EC0-301F-11D3-BF4B-00C04F79EFBC}") = "R2.Net.Mail", "R2.Net.Mail\R2.Net.Mail.csproj", "{1DC4AF6C-D33A-415D-8E66-D8FD65DCBAE3}"
EndProject
Project("{FAE04EC0-301F-11D3-BF4B-00C04F79EFBC}") = "R2.Net.Mail.SystemNetSmtp", "R2.Net.Mail.SystemNetSmtp\R2.Net.Mail.SystemNetSmtp.csproj", "{95965C9B-51F3-40D9-A45C-CBC830FB1A96}"
EndProject
Project("{FAE04EC0-301F-11D3-BF4B-00C04F79EFBC}") = "R2.Net.Mail.DependencyRegistration.Autofac", "R2.Net.Mail.DependencyRegistration.Autofac\R2.Net.Mail.DependencyRegistration.Autofac.csproj", "{A459B146-CBBD-4633-8452-69E6FC8070C9}"
EndProject
Project("{FAE04EC0-301F-11D3-BF4B-00C04F79EFBC}") = "SubscriptionManager.DependencyRegistration.Autofac", "SubscriptionManager.DependencyRegistration.Autofac\SubscriptionManager.DependencyRegistration.Autofac.csproj", "{3F34A340-6CF6-48C5-AC40-0262D74A7B29}"
EndProject
Project("{FAE04EC0-301F-11D3-BF4B-00C04F79EFBC}") = "SubscriptionManager.CompositionRoot", "SubscriptionManager.CompositionRoot\SubscriptionManager.CompositionRoot.csproj", "{7771E669-C5C4-4C66-A693-BAF1FD098308}"
EndProject
Project("{FAE04EC0-301F-11D3-BF4B-00C04F79EFBC}") = "SubscriptionManager.Subscriptions", "SubscriptionManager.Subscriptions\SubscriptionManager.Subscriptions.csproj", "{E9926889-23A6-4CF4-AE76-413A12A0B9DE}"
EndProject
Project("{FAE04EC0-301F-11D3-BF4B-00C04F79EFBC}") = "SubscriptionManager.Web", "SubscriptionManager.Web\SubscriptionManager.Web.csproj", "{7E2BB69B-FC47-450F-B940-4A679922D6EE}"
EndProject
Project("{FAE04EC0-301F-11D3-BF4B-00C04F79EFBC}") = "SubscriptionManager.Services", "SubscriptionManager.Services\SubscriptionManager.Services.csproj", "{99C5224F-8B3F-40CE-9866-1C27C91ABF42}"
EndProject
Project("{FAE04EC0-301F-11D3-BF4B-00C04F79EFBC}") = "SubscriptionManager.Subscriptions.DependencyRegistration.Autofac", "SubscriptionManager.Subscriptions.DependencyRegistration.Autofac\SubscriptionManager.Subscriptions.DependencyRegistration.Autofac.csproj", "{D0B80B53-2AC1-4C2F-8503-1DAAE094A40F}"
EndProject
Project("{2150E333-8FDC-42A3-9474-1A3956D46DE8}") = "Core", "Core", "{BCFE69AB-560D-4C55-B77F-22647AEA2F7A}"
EndProject
Project("{2150E333-8FDC-42A3-9474-1A3956D46DE8}") = "Services", "Services", "{73473133-9F10-410B-8588-5654DF20CDBE}"
EndProject
Project("{2150E333-8FDC-42A3-9474-1A3956D46DE8}") = "Web", "Web", "{768A40F0-66A6-4790-8518-58CB51F3D631}"
EndProject
Project("{2150E333-8FDC-42A3-9474-1A3956D46DE8}") = "Modules", "Modules", "{6CE76797-B81B-4D15-88F2-0E90E4F9756A}"
EndProject
Project("{2150E333-8FDC-42A3-9474-1A3956D46DE8}") = "Subscriptions", "Subscriptions", "{6A7C4C08-4C9A-4B63-92F7-F59E9665A887}"
EndProject
Global
	GlobalSection(SolutionConfigurationPlatforms) = preSolution
		Debug|Any CPU = Debug|Any CPU
		Release|Any CPU = Release|Any CPU
	EndGlobalSection
	GlobalSection(ProjectConfigurationPlatforms) = postSolution
		{86B6B3D4-08CF-4644-B415-15D5B44AC169}.Debug|Any CPU.ActiveCfg = Debug|Any CPU
		{86B6B3D4-08CF-4644-B415-15D5B44AC169}.Debug|Any CPU.Build.0 = Debug|Any CPU
		{86B6B3D4-08CF-4644-B415-15D5B44AC169}.Release|Any CPU.ActiveCfg = Release|Any CPU
		{86B6B3D4-08CF-4644-B415-15D5B44AC169}.Release|Any CPU.Build.0 = Release|Any CPU
		{C9C413D6-63E7-4A66-9A8E-A35FF56E1656}.Debug|Any CPU.ActiveCfg = Debug|Any CPU
		{C9C413D6-63E7-4A66-9A8E-A35FF56E1656}.Debug|Any CPU.Build.0 = Debug|Any CPU
		{C9C413D6-63E7-4A66-9A8E-A35FF56E1656}.Release|Any CPU.ActiveCfg = Release|Any CPU
		{C9C413D6-63E7-4A66-9A8E-A35FF56E1656}.Release|Any CPU.Build.0 = Release|Any CPU
		{1DC4AF6C-D33A-415D-8E66-D8FD65DCBAE3}.Debug|Any CPU.ActiveCfg = Debug|Any CPU
		{1DC4AF6C-D33A-415D-8E66-D8FD65DCBAE3}.Debug|Any CPU.Build.0 = Debug|Any CPU
		{1DC4AF6C-D33A-415D-8E66-D8FD65DCBAE3}.Release|Any CPU.ActiveCfg = Release|Any CPU
		{1DC4AF6C-D33A-415D-8E66-D8FD65DCBAE3}.Release|Any CPU.Build.0 = Release|Any CPU
		{95965C9B-51F3-40D9-A45C-CBC830FB1A96}.Debug|Any CPU.ActiveCfg = Debug|Any CPU
		{95965C9B-51F3-40D9-A45C-CBC830FB1A96}.Debug|Any CPU.Build.0 = Debug|Any CPU
		{95965C9B-51F3-40D9-A45C-CBC830FB1A96}.Release|Any CPU.ActiveCfg = Release|Any CPU
		{95965C9B-51F3-40D9-A45C-CBC830FB1A96}.Release|Any CPU.Build.0 = Release|Any CPU
		{A459B146-CBBD-4633-8452-69E6FC8070C9}.Debug|Any CPU.ActiveCfg = Debug|Any CPU
		{A459B146-CBBD-4633-8452-69E6FC8070C9}.Debug|Any CPU.Build.0 = Debug|Any CPU
		{A459B146-CBBD-4633-8452-69E6FC8070C9}.Release|Any CPU.ActiveCfg = Release|Any CPU
		{A459B146-CBBD-4633-8452-69E6FC8070C9}.Release|Any CPU.Build.0 = Release|Any CPU
		{3F34A340-6CF6-48C5-AC40-0262D74A7B29}.Debug|Any CPU.ActiveCfg = Debug|Any CPU
		{3F34A340-6CF6-48C5-AC40-0262D74A7B29}.Debug|Any CPU.Build.0 = Debug|Any CPU
		{3F34A340-6CF6-48C5-AC40-0262D74A7B29}.Release|Any CPU.ActiveCfg = Release|Any CPU
		{3F34A340-6CF6-48C5-AC40-0262D74A7B29}.Release|Any CPU.Build.0 = Release|Any CPU
		{7771E669-C5C4-4C66-A693-BAF1FD098308}.Debug|Any CPU.ActiveCfg = Debug|Any CPU
		{7771E669-C5C4-4C66-A693-BAF1FD098308}.Debug|Any CPU.Build.0 = Debug|Any CPU
		{7771E669-C5C4-4C66-A693-BAF1FD098308}.Release|Any CPU.ActiveCfg = Release|Any CPU
		{7771E669-C5C4-4C66-A693-BAF1FD098308}.Release|Any CPU.Build.0 = Release|Any CPU
		{E9926889-23A6-4CF4-AE76-413A12A0B9DE}.Debug|Any CPU.ActiveCfg = Debug|Any CPU
		{E9926889-23A6-4CF4-AE76-413A12A0B9DE}.Debug|Any CPU.Build.0 = Debug|Any CPU
		{E9926889-23A6-4CF4-AE76-413A12A0B9DE}.Release|Any CPU.ActiveCfg = Release|Any CPU
		{E9926889-23A6-4CF4-AE76-413A12A0B9DE}.Release|Any CPU.Build.0 = Release|Any CPU
		{7E2BB69B-FC47-450F-B940-4A679922D6EE}.Debug|Any CPU.ActiveCfg = Debug|Any CPU
		{7E2BB69B-FC47-450F-B940-4A679922D6EE}.Debug|Any CPU.Build.0 = Debug|Any CPU
		{7E2BB69B-FC47-450F-B940-4A679922D6EE}.Release|Any CPU.ActiveCfg = Release|Any CPU
		{7E2BB69B-FC47-450F-B940-4A679922D6EE}.Release|Any CPU.Build.0 = Release|Any CPU
		{99C5224F-8B3F-40CE-9866-1C27C91ABF42}.Debug|Any CPU.ActiveCfg = Debug|Any CPU
		{99C5224F-8B3F-40CE-9866-1C27C91ABF42}.Debug|Any CPU.Build.0 = Debug|Any CPU
		{99C5224F-8B3F-40CE-9866-1C27C91ABF42}.Release|Any CPU.ActiveCfg = Release|Any CPU
		{99C5224F-8B3F-40CE-9866-1C27C91ABF42}.Release|Any CPU.Build.0 = Release|Any CPU
		{D0B80B53-2AC1-4C2F-8503-1DAAE094A40F}.Debug|Any CPU.ActiveCfg = Debug|Any CPU
		{D0B80B53-2AC1-4C2F-8503-1DAAE094A40F}.Debug|Any CPU.Build.0 = Debug|Any CPU
		{D0B80B53-2AC1-4C2F-8503-1DAAE094A40F}.Release|Any CPU.ActiveCfg = Release|Any CPU
		{D0B80B53-2AC1-4C2F-8503-1DAAE094A40F}.Release|Any CPU.Build.0 = Release|Any CPU
	EndGlobalSection
	GlobalSection(SolutionProperties) = preSolution
		HideSolutionNode = FALSE
	EndGlobalSection
	GlobalSection(NestedProjects) = preSolution
		{86B6B3D4-08CF-4644-B415-15D5B44AC169} = {BCFE69AB-560D-4C55-B77F-22647AEA2F7A}
		{C9C413D6-63E7-4A66-9A8E-A35FF56E1656} = {BCFE69AB-560D-4C55-B77F-22647AEA2F7A}
		{1DC4AF6C-D33A-415D-8E66-D8FD65DCBAE3} = {BCFE69AB-560D-4C55-B77F-22647AEA2F7A}
		{A459B146-CBBD-4633-8452-69E6FC8070C9} = {BCFE69AB-560D-4C55-B77F-22647AEA2F7A}
		{95965C9B-51F3-40D9-A45C-CBC830FB1A96} = {BCFE69AB-560D-4C55-B77F-22647AEA2F7A}
		{7771E669-C5C4-4C66-A693-BAF1FD098308} = {73473133-9F10-410B-8588-5654DF20CDBE}
		{99C5224F-8B3F-40CE-9866-1C27C91ABF42} = {73473133-9F10-410B-8588-5654DF20CDBE}
		{6A7C4C08-4C9A-4B63-92F7-F59E9665A887} = {6CE76797-B81B-4D15-88F2-0E90E4F9756A}
		{D0B80B53-2AC1-4C2F-8503-1DAAE094A40F} = {6A7C4C08-4C9A-4B63-92F7-F59E9665A887}
		{E9926889-23A6-4CF4-AE76-413A12A0B9DE} = {6A7C4C08-4C9A-4B63-92F7-F59E9665A887}
		{7E2BB69B-FC47-450F-B940-4A679922D6EE} = {768A40F0-66A6-4790-8518-58CB51F3D631}
	EndGlobalSection
EndGlobal
